// !$*UTF8*$!
{
	archiveVersion = 1;
	classes = {
	};
	objectVersion = 46;
	objects = {

/* Begin PBXBuildFile section */
		5A2E085218C6691400CC9822 /* RegisterViewController.m in Sources */ = {isa = PBXBuildFile; fileRef = 5A2E084F18C6691400CC9822 /* RegisterViewController.m */; };
		5A2E085318C6691400CC9822 /* RWLogInViewController.m in Sources */ = {isa = PBXBuildFile; fileRef = 5A2E085118C6691400CC9822 /* RWLogInViewController.m */; };
		5A5519881888240F00718C48 /* Foundation.framework in Frameworks */ = {isa = PBXBuildFile; fileRef = 5A5519871888240F00718C48 /* Foundation.framework */; };
		5A55198C1888240F00718C48 /* UIKit.framework in Frameworks */ = {isa = PBXBuildFile; fileRef = 5A55198B1888240F00718C48 /* UIKit.framework */; };
		5A5519921888240F00718C48 /* InfoPlist.strings in Resources */ = {isa = PBXBuildFile; fileRef = 5A5519901888240F00718C48 /* InfoPlist.strings */; };
		5A5519941888240F00718C48 /* main.m in Sources */ = {isa = PBXBuildFile; fileRef = 5A5519931888240F00718C48 /* main.m */; };
		5A5519981888240F00718C48 /* AppDelegate.m in Sources */ = {isa = PBXBuildFile; fileRef = 5A5519971888240F00718C48 /* AppDelegate.m */; };
		5A55199B1888240F00718C48 /* Main.storyboard in Resources */ = {isa = PBXBuildFile; fileRef = 5A5519991888240F00718C48 /* Main.storyboard */; };
		5A55199E1888240F00718C48 /* FirstViewController.m in Sources */ = {isa = PBXBuildFile; fileRef = 5A55199D1888240F00718C48 /* FirstViewController.m */; };
		5A5519A11888240F00718C48 /* SecondViewController.m in Sources */ = {isa = PBXBuildFile; fileRef = 5A5519A01888240F00718C48 /* SecondViewController.m */; };
		5A5519A31888240F00718C48 /* Images.xcassets in Resources */ = {isa = PBXBuildFile; fileRef = 5A5519A21888240F00718C48 /* Images.xcassets */; };
		5A5519AA1888241000718C48 /* XCTest.framework in Frameworks */ = {isa = PBXBuildFile; fileRef = 5A5519A91888241000718C48 /* XCTest.framework */; };
		5A5519AB1888241000718C48 /* Foundation.framework in Frameworks */ = {isa = PBXBuildFile; fileRef = 5A5519871888240F00718C48 /* Foundation.framework */; };
		5A5519AC1888241000718C48 /* UIKit.framework in Frameworks */ = {isa = PBXBuildFile; fileRef = 5A55198B1888240F00718C48 /* UIKit.framework */; };
		5A5519B41888241000718C48 /* InfoPlist.strings in Resources */ = {isa = PBXBuildFile; fileRef = 5A5519B21888241000718C48 /* InfoPlist.strings */; };
		5A5519B61888241000718C48 /* onFireTests.m in Sources */ = {isa = PBXBuildFile; fileRef = 5A5519B51888241000718C48 /* onFireTests.m */; };
		5A5519C01888245800718C48 /* MapKit.framework in Frameworks */ = {isa = PBXBuildFile; fileRef = 5A5519BF1888245800718C48 /* MapKit.framework */; };
		5A5519C3188829FF00718C48 /* User.m in Sources */ = {isa = PBXBuildFile; fileRef = 5A5519C2188829FF00718C48 /* User.m */; };
		5A5519C618882A4600718C48 /* Admin.m in Sources */ = {isa = PBXBuildFile; fileRef = 5A5519C518882A4600718C48 /* Admin.m */; };
		5A5519C918882A7F00718C48 /* Owner.m in Sources */ = {isa = PBXBuildFile; fileRef = 5A5519C818882A7F00718C48 /* Owner.m */; };
		5A5519CC18882AD400718C48 /* Member.m in Sources */ = {isa = PBXBuildFile; fileRef = 5A5519CB18882AD400718C48 /* Member.m */; };
		5A5519CF18882B1400718C48 /* Location.m in Sources */ = {isa = PBXBuildFile; fileRef = 5A5519CE18882B1400718C48 /* Location.m */; };
		5A5519D218882B3100718C48 /* Video.m in Sources */ = {isa = PBXBuildFile; fileRef = 5A5519D118882B3100718C48 /* Video.m */; };
		5A5519D518882B4000718C48 /* Like.m in Sources */ = {isa = PBXBuildFile; fileRef = 5A5519D418882B4000718C48 /* Like.m */; };
		5A5519D818882B6B00718C48 /* Comment.m in Sources */ = {isa = PBXBuildFile; fileRef = 5A5519D718882B6B00718C48 /* Comment.m */; };
		5A5519DB18882B7B00718C48 /* Fire.m in Sources */ = {isa = PBXBuildFile; fileRef = 5A5519DA18882B7B00718C48 /* Fire.m */; };
		5A5519DE18882B8400718C48 /* Photo.m in Sources */ = {isa = PBXBuildFile; fileRef = 5A5519DD18882B8400718C48 /* Photo.m */; };
		5A5519E118882BC400718C48 /* Place.m in Sources */ = {isa = PBXBuildFile; fileRef = 5A5519E018882BC400718C48 /* Place.m */; };
		5A5519E418882BD300718C48 /* Notification.m in Sources */ = {isa = PBXBuildFile; fileRef = 5A5519E318882BD300718C48 /* Notification.m */; };
		5A5519E718882BF200718C48 /* LikeNotification.m in Sources */ = {isa = PBXBuildFile; fileRef = 5A5519E618882BF200718C48 /* LikeNotification.m */; };
		5A5519EA18882C0100718C48 /* CommentNotification.m in Sources */ = {isa = PBXBuildFile; fileRef = 5A5519E918882C0100718C48 /* CommentNotification.m */; };
		5A5519ED18882C2600718C48 /* RequestFriendshipNotification.m in Sources */ = {isa = PBXBuildFile; fileRef = 5A5519EC18882C2600718C48 /* RequestFriendshipNotification.m */; };
		5A5519F018882C3F00718C48 /* ApprovedFriendNotification.m in Sources */ = {isa = PBXBuildFile; fileRef = 5A5519EF18882C3F00718C48 /* ApprovedFriendNotification.m */; };
		5A5519F318882C4A00718C48 /* WarningNotification.m in Sources */ = {isa = PBXBuildFile; fileRef = 5A5519F218882C4A00718C48 /* WarningNotification.m */; };
		5AA5AC8718C4FC4800FAF513 /* AVFoundation.framework in Frameworks */ = {isa = PBXBuildFile; fileRef = 5AA5AC8618C4FC4800FAF513 /* AVFoundation.framework */; };
		5AA5AC8C18C4FEEB00FAF513 /* FlipsideViewController.m in Sources */ = {isa = PBXBuildFile; fileRef = 5AA5AC8918C4FEEB00FAF513 /* FlipsideViewController.m */; };
		5AA5AC8D18C4FEEB00FAF513 /* MainViewController.m in Sources */ = {isa = PBXBuildFile; fileRef = 5AA5AC8B18C4FEEB00FAF513 /* MainViewController.m */; };
		5AA5AC9018C50B4900FAF513 /* PlacesLoader.m in Sources */ = {isa = PBXBuildFile; fileRef = 5AA5AC8F18C50B4900FAF513 /* PlacesLoader.m */; };
		5AA5AC9318C51F7000FAF513 /* PlaceAnnotation.m in Sources */ = {isa = PBXBuildFile; fileRef = 5AA5AC9218C51F7000FAF513 /* PlaceAnnotation.m */; };
		5AA5AC9618C5331000FAF513 /* LogInViewController.m in Sources */ = {isa = PBXBuildFile; fileRef = 5AA5AC9518C5331000FAF513 /* LogInViewController.m */; };
		5AA5AC9918C5332000FAF513 /* SignUpViewController.m in Sources */ = {isa = PBXBuildFile; fileRef = 5AA5AC9818C5332000FAF513 /* SignUpViewController.m */; };
		5AB7FCE618C3986500C79354 /* ParseSignUpViewController.m in Sources */ = {isa = PBXBuildFile; fileRef = 5AB7FCE518C3986500C79354 /* ParseSignUpViewController.m */; };
		5AB7FCE918C3987500C79354 /* ParseLogInViewController.m in Sources */ = {isa = PBXBuildFile; fileRef = 5AB7FCE818C3987500C79354 /* ParseLogInViewController.m */; };
		5AB7FCEE18C3A08000C79354 /* CoreGraphics.framework in Frameworks */ = {isa = PBXBuildFile; fileRef = 5A5519891888240F00718C48 /* CoreGraphics.framework */; };
		5AB7FCEF18C3A09700C79354 /* XCTest.framework in Frameworks */ = {isa = PBXBuildFile; fileRef = 5A5519A91888241000718C48 /* XCTest.framework */; };
		5AB7FCF618C3A2D200C79354 /* Parse.framework in Frameworks */ = {isa = PBXBuildFile; fileRef = 5AB7FCF518C3A2D200C79354 /* Parse.framework */; };
		5AB7FCF818C3A2D900C79354 /* AudioToolbox.framework in Frameworks */ = {isa = PBXBuildFile; fileRef = 5AB7FCF718C3A2D900C79354 /* AudioToolbox.framework */; };
		5AB7FCFA18C3A2DD00C79354 /* CFNetwork.framework in Frameworks */ = {isa = PBXBuildFile; fileRef = 5AB7FCF918C3A2DD00C79354 /* CFNetwork.framework */; };
		5AB7FCFC18C3A2E700C79354 /* CoreLocation.framework in Frameworks */ = {isa = PBXBuildFile; fileRef = 5AB7FCFB18C3A2E700C79354 /* CoreLocation.framework */; };
		5AB7FCFE18C3A2F700C79354 /* libz.dylib in Frameworks */ = {isa = PBXBuildFile; fileRef = 5AB7FCFD18C3A2F700C79354 /* libz.dylib */; };
		5AB7FD0418C3A31C00C79354 /* MobileCoreServices.framework in Frameworks */ = {isa = PBXBuildFile; fileRef = 5AB7FCFF18C3A31C00C79354 /* MobileCoreServices.framework */; };
		5AB7FD0518C3A31C00C79354 /* QuartzCore.framework in Frameworks */ = {isa = PBXBuildFile; fileRef = 5AB7FD0018C3A31C00C79354 /* QuartzCore.framework */; };
		5AB7FD0618C3A31C00C79354 /* Security.framework in Frameworks */ = {isa = PBXBuildFile; fileRef = 5AB7FD0118C3A31C00C79354 /* Security.framework */; };
		5AB7FD0718C3A31C00C79354 /* StoreKit.framework in Frameworks */ = {isa = PBXBuildFile; fileRef = 5AB7FD0218C3A31C00C79354 /* StoreKit.framework */; };
		5AB7FD0818C3A31C00C79354 /* SystemConfiguration.framework in Frameworks */ = {isa = PBXBuildFile; fileRef = 5AB7FD0318C3A31C00C79354 /* SystemConfiguration.framework */; };
/* End PBXBuildFile section */

/* Begin PBXContainerItemProxy section */
		5A5519AD1888241000718C48 /* PBXContainerItemProxy */ = {
			isa = PBXContainerItemProxy;
			containerPortal = 5A55197C1888240F00718C48 /* Project object */;
			proxyType = 1;
			remoteGlobalIDString = 5A5519831888240F00718C48;
			remoteInfo = onFire;
		};
/* End PBXContainerItemProxy section */

/* Begin PBXFileReference section */
		5A2E084E18C6691400CC9822 /* RegisterViewController.h */ = {isa = PBXFileReference; fileEncoding = 4; lastKnownFileType = sourcecode.c.h; path = RegisterViewController.h; sourceTree = "<group>"; };
		5A2E084F18C6691400CC9822 /* RegisterViewController.m */ = {isa = PBXFileReference; fileEncoding = 4; lastKnownFileType = sourcecode.c.objc; path = RegisterViewController.m; sourceTree = "<group>"; };
		5A2E085018C6691400CC9822 /* RWLogInViewController.h */ = {isa = PBXFileReference; fileEncoding = 4; lastKnownFileType = sourcecode.c.h; path = RWLogInViewController.h; sourceTree = "<group>"; };
		5A2E085118C6691400CC9822 /* RWLogInViewController.m */ = {isa = PBXFileReference; fileEncoding = 4; lastKnownFileType = sourcecode.c.objc; path = RWLogInViewController.m; sourceTree = "<group>"; };
		5A5519841888240F00718C48 /* onFire.app */ = {isa = PBXFileReference; explicitFileType = wrapper.application; includeInIndex = 0; path = onFire.app; sourceTree = BUILT_PRODUCTS_DIR; };
		5A5519871888240F00718C48 /* Foundation.framework */ = {isa = PBXFileReference; lastKnownFileType = wrapper.framework; name = Foundation.framework; path = System/Library/Frameworks/Foundation.framework; sourceTree = SDKROOT; };
		5A5519891888240F00718C48 /* CoreGraphics.framework */ = {isa = PBXFileReference; lastKnownFileType = wrapper.framework; name = CoreGraphics.framework; path = System/Library/Frameworks/CoreGraphics.framework; sourceTree = SDKROOT; };
		5A55198B1888240F00718C48 /* UIKit.framework */ = {isa = PBXFileReference; lastKnownFileType = wrapper.framework; name = UIKit.framework; path = System/Library/Frameworks/UIKit.framework; sourceTree = SDKROOT; };
		5A55198F1888240F00718C48 /* onFire-Info.plist */ = {isa = PBXFileReference; lastKnownFileType = text.plist.xml; path = "onFire-Info.plist"; sourceTree = "<group>"; };
		5A5519911888240F00718C48 /* en */ = {isa = PBXFileReference; lastKnownFileType = text.plist.strings; name = en; path = en.lproj/InfoPlist.strings; sourceTree = "<group>"; };
		5A5519931888240F00718C48 /* main.m */ = {isa = PBXFileReference; lastKnownFileType = sourcecode.c.objc; path = main.m; sourceTree = "<group>"; };
		5A5519951888240F00718C48 /* onFire-Prefix.pch */ = {isa = PBXFileReference; lastKnownFileType = sourcecode.c.h; path = "onFire-Prefix.pch"; sourceTree = "<group>"; };
		5A5519961888240F00718C48 /* AppDelegate.h */ = {isa = PBXFileReference; lastKnownFileType = sourcecode.c.h; path = AppDelegate.h; sourceTree = "<group>"; };
		5A5519971888240F00718C48 /* AppDelegate.m */ = {isa = PBXFileReference; lastKnownFileType = sourcecode.c.objc; path = AppDelegate.m; sourceTree = "<group>"; };
		5A55199A1888240F00718C48 /* Base */ = {isa = PBXFileReference; lastKnownFileType = file.storyboard; name = Base; path = Base.lproj/Main.storyboard; sourceTree = "<group>"; };
		5A55199C1888240F00718C48 /* FirstViewController.h */ = {isa = PBXFileReference; lastKnownFileType = sourcecode.c.h; path = FirstViewController.h; sourceTree = "<group>"; };
		5A55199D1888240F00718C48 /* FirstViewController.m */ = {isa = PBXFileReference; lastKnownFileType = sourcecode.c.objc; path = FirstViewController.m; sourceTree = "<group>"; };
		5A55199F1888240F00718C48 /* SecondViewController.h */ = {isa = PBXFileReference; lastKnownFileType = sourcecode.c.h; path = SecondViewController.h; sourceTree = "<group>"; };
		5A5519A01888240F00718C48 /* SecondViewController.m */ = {isa = PBXFileReference; lastKnownFileType = sourcecode.c.objc; path = SecondViewController.m; sourceTree = "<group>"; };
		5A5519A21888240F00718C48 /* Images.xcassets */ = {isa = PBXFileReference; lastKnownFileType = folder.assetcatalog; path = Images.xcassets; sourceTree = "<group>"; };
		5A5519A81888241000718C48 /* onFireTests.xctest */ = {isa = PBXFileReference; explicitFileType = wrapper.cfbundle; includeInIndex = 0; path = onFireTests.xctest; sourceTree = BUILT_PRODUCTS_DIR; };
		5A5519A91888241000718C48 /* XCTest.framework */ = {isa = PBXFileReference; lastKnownFileType = wrapper.framework; name = XCTest.framework; path = Library/Frameworks/XCTest.framework; sourceTree = DEVELOPER_DIR; };
		5A5519B11888241000718C48 /* onFireTests-Info.plist */ = {isa = PBXFileReference; lastKnownFileType = text.plist.xml; path = "onFireTests-Info.plist"; sourceTree = "<group>"; };
		5A5519B31888241000718C48 /* en */ = {isa = PBXFileReference; lastKnownFileType = text.plist.strings; name = en; path = en.lproj/InfoPlist.strings; sourceTree = "<group>"; };
		5A5519B51888241000718C48 /* onFireTests.m */ = {isa = PBXFileReference; lastKnownFileType = sourcecode.c.objc; path = onFireTests.m; sourceTree = "<group>"; };
		5A5519BF1888245800718C48 /* MapKit.framework */ = {isa = PBXFileReference; lastKnownFileType = wrapper.framework; name = MapKit.framework; path = System/Library/Frameworks/MapKit.framework; sourceTree = SDKROOT; };
		5A5519C1188829FF00718C48 /* User.h */ = {isa = PBXFileReference; fileEncoding = 4; lastKnownFileType = sourcecode.c.h; path = User.h; sourceTree = "<group>"; };
		5A5519C2188829FF00718C48 /* User.m */ = {isa = PBXFileReference; fileEncoding = 4; lastKnownFileType = sourcecode.c.objc; path = User.m; sourceTree = "<group>"; };
		5A5519C418882A4600718C48 /* Admin.h */ = {isa = PBXFileReference; fileEncoding = 4; lastKnownFileType = sourcecode.c.h; path = Admin.h; sourceTree = "<group>"; };
		5A5519C518882A4600718C48 /* Admin.m */ = {isa = PBXFileReference; fileEncoding = 4; lastKnownFileType = sourcecode.c.objc; path = Admin.m; sourceTree = "<group>"; };
		5A5519C718882A7F00718C48 /* Owner.h */ = {isa = PBXFileReference; fileEncoding = 4; lastKnownFileType = sourcecode.c.h; path = Owner.h; sourceTree = "<group>"; };
		5A5519C818882A7F00718C48 /* Owner.m */ = {isa = PBXFileReference; fileEncoding = 4; lastKnownFileType = sourcecode.c.objc; path = Owner.m; sourceTree = "<group>"; };
		5A5519CA18882AD400718C48 /* Member.h */ = {isa = PBXFileReference; fileEncoding = 4; lastKnownFileType = sourcecode.c.h; path = Member.h; sourceTree = "<group>"; };
		5A5519CB18882AD400718C48 /* Member.m */ = {isa = PBXFileReference; fileEncoding = 4; lastKnownFileType = sourcecode.c.objc; path = Member.m; sourceTree = "<group>"; };
		5A5519CD18882B1400718C48 /* Location.h */ = {isa = PBXFileReference; fileEncoding = 4; lastKnownFileType = sourcecode.c.h; path = Location.h; sourceTree = "<group>"; };
		5A5519CE18882B1400718C48 /* Location.m */ = {isa = PBXFileReference; fileEncoding = 4; lastKnownFileType = sourcecode.c.objc; path = Location.m; sourceTree = "<group>"; };
		5A5519D018882B3100718C48 /* Video.h */ = {isa = PBXFileReference; fileEncoding = 4; lastKnownFileType = sourcecode.c.h; path = Video.h; sourceTree = "<group>"; };
		5A5519D118882B3100718C48 /* Video.m */ = {isa = PBXFileReference; fileEncoding = 4; lastKnownFileType = sourcecode.c.objc; path = Video.m; sourceTree = "<group>"; };
		5A5519D318882B4000718C48 /* Like.h */ = {isa = PBXFileReference; fileEncoding = 4; lastKnownFileType = sourcecode.c.h; path = Like.h; sourceTree = "<group>"; };
		5A5519D418882B4000718C48 /* Like.m */ = {isa = PBXFileReference; fileEncoding = 4; lastKnownFileType = sourcecode.c.objc; path = Like.m; sourceTree = "<group>"; };
		5A5519D618882B6B00718C48 /* Comment.h */ = {isa = PBXFileReference; fileEncoding = 4; lastKnownFileType = sourcecode.c.h; path = Comment.h; sourceTree = "<group>"; };
		5A5519D718882B6B00718C48 /* Comment.m */ = {isa = PBXFileReference; fileEncoding = 4; lastKnownFileType = sourcecode.c.objc; path = Comment.m; sourceTree = "<group>"; };
		5A5519D918882B7B00718C48 /* Fire.h */ = {isa = PBXFileReference; fileEncoding = 4; lastKnownFileType = sourcecode.c.h; path = Fire.h; sourceTree = "<group>"; };
		5A5519DA18882B7B00718C48 /* Fire.m */ = {isa = PBXFileReference; fileEncoding = 4; lastKnownFileType = sourcecode.c.objc; path = Fire.m; sourceTree = "<group>"; };
		5A5519DC18882B8400718C48 /* Photo.h */ = {isa = PBXFileReference; fileEncoding = 4; lastKnownFileType = sourcecode.c.h; path = Photo.h; sourceTree = "<group>"; };
		5A5519DD18882B8400718C48 /* Photo.m */ = {isa = PBXFileReference; fileEncoding = 4; lastKnownFileType = sourcecode.c.objc; path = Photo.m; sourceTree = "<group>"; };
		5A5519DF18882BC400718C48 /* Place.h */ = {isa = PBXFileReference; fileEncoding = 4; lastKnownFileType = sourcecode.c.h; path = Place.h; sourceTree = "<group>"; };
		5A5519E018882BC400718C48 /* Place.m */ = {isa = PBXFileReference; fileEncoding = 4; lastKnownFileType = sourcecode.c.objc; path = Place.m; sourceTree = "<group>"; };
		5A5519E218882BD300718C48 /* Notification.h */ = {isa = PBXFileReference; fileEncoding = 4; lastKnownFileType = sourcecode.c.h; path = Notification.h; sourceTree = "<group>"; };
		5A5519E318882BD300718C48 /* Notification.m */ = {isa = PBXFileReference; fileEncoding = 4; lastKnownFileType = sourcecode.c.objc; path = Notification.m; sourceTree = "<group>"; };
		5A5519E518882BF200718C48 /* LikeNotification.h */ = {isa = PBXFileReference; fileEncoding = 4; lastKnownFileType = sourcecode.c.h; path = LikeNotification.h; sourceTree = "<group>"; };
		5A5519E618882BF200718C48 /* LikeNotification.m */ = {isa = PBXFileReference; fileEncoding = 4; lastKnownFileType = sourcecode.c.objc; path = LikeNotification.m; sourceTree = "<group>"; };
		5A5519E818882C0100718C48 /* CommentNotification.h */ = {isa = PBXFileReference; fileEncoding = 4; lastKnownFileType = sourcecode.c.h; path = CommentNotification.h; sourceTree = "<group>"; };
		5A5519E918882C0100718C48 /* CommentNotification.m */ = {isa = PBXFileReference; fileEncoding = 4; lastKnownFileType = sourcecode.c.objc; path = CommentNotification.m; sourceTree = "<group>"; };
		5A5519EB18882C2600718C48 /* RequestFriendshipNotification.h */ = {isa = PBXFileReference; fileEncoding = 4; lastKnownFileType = sourcecode.c.h; path = RequestFriendshipNotification.h; sourceTree = "<group>"; };
		5A5519EC18882C2600718C48 /* RequestFriendshipNotification.m */ = {isa = PBXFileReference; fileEncoding = 4; lastKnownFileType = sourcecode.c.objc; path = RequestFriendshipNotification.m; sourceTree = "<group>"; };
		5A5519EE18882C3F00718C48 /* ApprovedFriendNotification.h */ = {isa = PBXFileReference; fileEncoding = 4; lastKnownFileType = sourcecode.c.h; path = ApprovedFriendNotification.h; sourceTree = "<group>"; };
		5A5519EF18882C3F00718C48 /* ApprovedFriendNotification.m */ = {isa = PBXFileReference; fileEncoding = 4; lastKnownFileType = sourcecode.c.objc; path = ApprovedFriendNotification.m; sourceTree = "<group>"; };
		5A5519F118882C4A00718C48 /* WarningNotification.h */ = {isa = PBXFileReference; fileEncoding = 4; lastKnownFileType = sourcecode.c.h; path = WarningNotification.h; sourceTree = "<group>"; };
		5A5519F218882C4A00718C48 /* WarningNotification.m */ = {isa = PBXFileReference; fileEncoding = 4; lastKnownFileType = sourcecode.c.objc; path = WarningNotification.m; sourceTree = "<group>"; };
		5AA5AC8618C4FC4800FAF513 /* AVFoundation.framework */ = {isa = PBXFileReference; lastKnownFileType = wrapper.framework; name = AVFoundation.framework; path = System/Library/Frameworks/AVFoundation.framework; sourceTree = SDKROOT; };
		5AA5AC8818C4FEEB00FAF513 /* FlipsideViewController.h */ = {isa = PBXFileReference; fileEncoding = 4; lastKnownFileType = sourcecode.c.h; path = FlipsideViewController.h; sourceTree = "<group>"; };
		5AA5AC8918C4FEEB00FAF513 /* FlipsideViewController.m */ = {isa = PBXFileReference; fileEncoding = 4; lastKnownFileType = sourcecode.c.objc; path = FlipsideViewController.m; sourceTree = "<group>"; };
		5AA5AC8A18C4FEEB00FAF513 /* MainViewController.h */ = {isa = PBXFileReference; fileEncoding = 4; lastKnownFileType = sourcecode.c.h; path = MainViewController.h; sourceTree = "<group>"; };
		5AA5AC8B18C4FEEB00FAF513 /* MainViewController.m */ = {isa = PBXFileReference; fileEncoding = 4; lastKnownFileType = sourcecode.c.objc; path = MainViewController.m; sourceTree = "<group>"; };
		5AA5AC8E18C50B4900FAF513 /* PlacesLoader.h */ = {isa = PBXFileReference; fileEncoding = 4; lastKnownFileType = sourcecode.c.h; path = PlacesLoader.h; sourceTree = "<group>"; };
		5AA5AC8F18C50B4900FAF513 /* PlacesLoader.m */ = {isa = PBXFileReference; fileEncoding = 4; lastKnownFileType = sourcecode.c.objc; path = PlacesLoader.m; sourceTree = "<group>"; };
		5AA5AC9118C51F6F00FAF513 /* PlaceAnnotation.h */ = {isa = PBXFileReference; fileEncoding = 4; lastKnownFileType = sourcecode.c.h; path = PlaceAnnotation.h; sourceTree = "<group>"; };
		5AA5AC9218C51F7000FAF513 /* PlaceAnnotation.m */ = {isa = PBXFileReference; fileEncoding = 4; lastKnownFileType = sourcecode.c.objc; path = PlaceAnnotation.m; sourceTree = "<group>"; };
		5AA5AC9418C5331000FAF513 /* LogInViewController.h */ = {isa = PBXFileReference; fileEncoding = 4; lastKnownFileType = sourcecode.c.h; path = LogInViewController.h; sourceTree = "<group>"; };
		5AA5AC9518C5331000FAF513 /* LogInViewController.m */ = {isa = PBXFileReference; fileEncoding = 4; lastKnownFileType = sourcecode.c.objc; path = LogInViewController.m; sourceTree = "<group>"; };
		5AA5AC9718C5332000FAF513 /* SignUpViewController.h */ = {isa = PBXFileReference; fileEncoding = 4; lastKnownFileType = sourcecode.c.h; path = SignUpViewController.h; sourceTree = "<group>"; };
		5AA5AC9818C5332000FAF513 /* SignUpViewController.m */ = {isa = PBXFileReference; fileEncoding = 4; lastKnownFileType = sourcecode.c.objc; path = SignUpViewController.m; sourceTree = "<group>"; };
		5AB7FCE418C3986500C79354 /* ParseSignUpViewController.h */ = {isa = PBXFileReference; fileEncoding = 4; lastKnownFileType = sourcecode.c.h; path = ParseSignUpViewController.h; sourceTree = "<group>"; };
		5AB7FCE518C3986500C79354 /* ParseSignUpViewController.m */ = {isa = PBXFileReference; fileEncoding = 4; lastKnownFileType = sourcecode.c.objc; path = ParseSignUpViewController.m; sourceTree = "<group>"; };
		5AB7FCE718C3987500C79354 /* ParseLogInViewController.h */ = {isa = PBXFileReference; fileEncoding = 4; lastKnownFileType = sourcecode.c.h; path = ParseLogInViewController.h; sourceTree = "<group>"; };
		5AB7FCE818C3987500C79354 /* ParseLogInViewController.m */ = {isa = PBXFileReference; fileEncoding = 4; lastKnownFileType = sourcecode.c.objc; path = ParseLogInViewController.m; sourceTree = "<group>"; };
		5AB7FCF518C3A2D200C79354 /* Parse.framework */ = {isa = PBXFileReference; lastKnownFileType = wrapper.framework; path = Parse.framework; sourceTree = "<group>"; };
		5AB7FCF718C3A2D900C79354 /* AudioToolbox.framework */ = {isa = PBXFileReference; lastKnownFileType = wrapper.framework; name = AudioToolbox.framework; path = System/Library/Frameworks/AudioToolbox.framework; sourceTree = SDKROOT; };
		5AB7FCF918C3A2DD00C79354 /* CFNetwork.framework */ = {isa = PBXFileReference; lastKnownFileType = wrapper.framework; name = CFNetwork.framework; path = System/Library/Frameworks/CFNetwork.framework; sourceTree = SDKROOT; };
		5AB7FCFB18C3A2E700C79354 /* CoreLocation.framework */ = {isa = PBXFileReference; lastKnownFileType = wrapper.framework; name = CoreLocation.framework; path = System/Library/Frameworks/CoreLocation.framework; sourceTree = SDKROOT; };
		5AB7FCFD18C3A2F700C79354 /* libz.dylib */ = {isa = PBXFileReference; lastKnownFileType = "compiled.mach-o.dylib"; name = libz.dylib; path = usr/lib/libz.dylib; sourceTree = SDKROOT; };
		5AB7FCFF18C3A31C00C79354 /* MobileCoreServices.framework */ = {isa = PBXFileReference; lastKnownFileType = wrapper.framework; name = MobileCoreServices.framework; path = System/Library/Frameworks/MobileCoreServices.framework; sourceTree = SDKROOT; };
		5AB7FD0018C3A31C00C79354 /* QuartzCore.framework */ = {isa = PBXFileReference; lastKnownFileType = wrapper.framework; name = QuartzCore.framework; path = System/Library/Frameworks/QuartzCore.framework; sourceTree = SDKROOT; };
		5AB7FD0118C3A31C00C79354 /* Security.framework */ = {isa = PBXFileReference; lastKnownFileType = wrapper.framework; name = Security.framework; path = System/Library/Frameworks/Security.framework; sourceTree = SDKROOT; };
		5AB7FD0218C3A31C00C79354 /* StoreKit.framework */ = {isa = PBXFileReference; lastKnownFileType = wrapper.framework; name = StoreKit.framework; path = System/Library/Frameworks/StoreKit.framework; sourceTree = SDKROOT; };
		5AB7FD0318C3A31C00C79354 /* SystemConfiguration.framework */ = {isa = PBXFileReference; lastKnownFileType = wrapper.framework; name = SystemConfiguration.framework; path = System/Library/Frameworks/SystemConfiguration.framework; sourceTree = SDKROOT; };
/* End PBXFileReference section */

/* Begin PBXFrameworksBuildPhase section */
		5A5519811888240F00718C48 /* Frameworks */ = {
			isa = PBXFrameworksBuildPhase;
			buildActionMask = 2147483647;
			files = (
				5AA5AC8718C4FC4800FAF513 /* AVFoundation.framework in Frameworks */,
				5AB7FD0418C3A31C00C79354 /* MobileCoreServices.framework in Frameworks */,
				5AB7FD0518C3A31C00C79354 /* QuartzCore.framework in Frameworks */,
				5AB7FD0618C3A31C00C79354 /* Security.framework in Frameworks */,
				5AB7FD0718C3A31C00C79354 /* StoreKit.framework in Frameworks */,
				5AB7FD0818C3A31C00C79354 /* SystemConfiguration.framework in Frameworks */,
				5AB7FCFE18C3A2F700C79354 /* libz.dylib in Frameworks */,
				5AB7FCFC18C3A2E700C79354 /* CoreLocation.framework in Frameworks */,
				5AB7FCFA18C3A2DD00C79354 /* CFNetwork.framework in Frameworks */,
				5AB7FCF818C3A2D900C79354 /* AudioToolbox.framework in Frameworks */,
				5AB7FCF618C3A2D200C79354 /* Parse.framework in Frameworks */,
				5AB7FCEF18C3A09700C79354 /* XCTest.framework in Frameworks */,
				5AB7FCEE18C3A08000C79354 /* CoreGraphics.framework in Frameworks */,
				5A55198C1888240F00718C48 /* UIKit.framework in Frameworks */,
				5A5519C01888245800718C48 /* MapKit.framework in Frameworks */,
				5A5519881888240F00718C48 /* Foundation.framework in Frameworks */,
			);
			runOnlyForDeploymentPostprocessing = 0;
		};
		5A5519A51888241000718C48 /* Frameworks */ = {
			isa = PBXFrameworksBuildPhase;
			buildActionMask = 2147483647;
			files = (
				5A5519AA1888241000718C48 /* XCTest.framework in Frameworks */,
				5A5519AC1888241000718C48 /* UIKit.framework in Frameworks */,
				5A5519AB1888241000718C48 /* Foundation.framework in Frameworks */,
			);
			runOnlyForDeploymentPostprocessing = 0;
		};
/* End PBXFrameworksBuildPhase section */

/* Begin PBXGroup section */
		5A55197B1888240F00718C48 = {
			isa = PBXGroup;
			children = (
				5A55198D1888240F00718C48 /* onFire */,
				5A5519AF1888241000718C48 /* onFireTests */,
				5A5519861888240F00718C48 /* Frameworks */,
				5A5519851888240F00718C48 /* Products */,
			);
			sourceTree = "<group>";
		};
		5A5519851888240F00718C48 /* Products */ = {
			isa = PBXGroup;
			children = (
				5A5519841888240F00718C48 /* onFire.app */,
				5A5519A81888241000718C48 /* onFireTests.xctest */,
			);
			name = Products;
			sourceTree = "<group>";
		};
		5A5519861888240F00718C48 /* Frameworks */ = {
			isa = PBXGroup;
			children = (
				5AA5AC8618C4FC4800FAF513 /* AVFoundation.framework */,
				5AB7FCFF18C3A31C00C79354 /* MobileCoreServices.framework */,
				5AB7FD0018C3A31C00C79354 /* QuartzCore.framework */,
				5AB7FD0118C3A31C00C79354 /* Security.framework */,
				5AB7FD0218C3A31C00C79354 /* StoreKit.framework */,
				5AB7FD0318C3A31C00C79354 /* SystemConfiguration.framework */,
				5AB7FCFD18C3A2F700C79354 /* libz.dylib */,
				5AB7FCFB18C3A2E700C79354 /* CoreLocation.framework */,
				5AB7FCF918C3A2DD00C79354 /* CFNetwork.framework */,
				5AB7FCF718C3A2D900C79354 /* AudioToolbox.framework */,
				5AB7FCF518C3A2D200C79354 /* Parse.framework */,
				5A5519BF1888245800718C48 /* MapKit.framework */,
				5A5519871888240F00718C48 /* Foundation.framework */,
				5A5519891888240F00718C48 /* CoreGraphics.framework */,
				5A55198B1888240F00718C48 /* UIKit.framework */,
				5A5519A91888241000718C48 /* XCTest.framework */,
			);
			name = Frameworks;
			sourceTree = "<group>";
		};
		5A55198D1888240F00718C48 /* onFire */ = {
			isa = PBXGroup;
			children = (
				5AB7FCE318C395FB00C79354 /* Model */,
				5AB7FCE218C395EF00C79354 /* GUI */,
				5A5519A21888240F00718C48 /* Images.xcassets */,
				5A55198E1888240F00718C48 /* Supporting Files */,
			);
			path = onFire;
			sourceTree = "<group>";
		};
		5A55198E1888240F00718C48 /* Supporting Files */ = {
			isa = PBXGroup;
			children = (
				5A55198F1888240F00718C48 /* onFire-Info.plist */,
				5A5519901888240F00718C48 /* InfoPlist.strings */,
				5A5519931888240F00718C48 /* main.m */,
				5A5519951888240F00718C48 /* onFire-Prefix.pch */,
			);
			name = "Supporting Files";
			sourceTree = "<group>";
		};
		5A5519AF1888241000718C48 /* onFireTests */ = {
			isa = PBXGroup;
			children = (
				5A5519B51888241000718C48 /* onFireTests.m */,
				5A5519B01888241000718C48 /* Supporting Files */,
			);
			path = onFireTests;
			sourceTree = "<group>";
		};
		5A5519B01888241000718C48 /* Supporting Files */ = {
			isa = PBXGroup;
			children = (
				5A5519B11888241000718C48 /* onFireTests-Info.plist */,
				5A5519B21888241000718C48 /* InfoPlist.strings */,
			);
			name = "Supporting Files";
			sourceTree = "<group>";
		};
		5AB7FCE218C395EF00C79354 /* GUI */ = {
			isa = PBXGroup;
			children = (
				5A5519961888240F00718C48 /* AppDelegate.h */,
				5A5519971888240F00718C48 /* AppDelegate.m */,
				5A5519991888240F00718C48 /* Main.storyboard */,
				5AA5AC9418C5331000FAF513 /* LogInViewController.h */,
				5AA5AC9518C5331000FAF513 /* LogInViewController.m */,
				5AA5AC9718C5332000FAF513 /* SignUpViewController.h */,
				5AA5AC9818C5332000FAF513 /* SignUpViewController.m */,
				5A2E084E18C6691400CC9822 /* RegisterViewController.h */,
				5A2E084F18C6691400CC9822 /* RegisterViewController.m */,
				5A2E085018C6691400CC9822 /* RWLogInViewController.h */,
				5A2E085118C6691400CC9822 /* RWLogInViewController.m */,
				5AB7FCE418C3986500C79354 /* ParseSignUpViewController.h */,
				5AB7FCE518C3986500C79354 /* ParseSignUpViewController.m */,
				5AB7FCE718C3987500C79354 /* ParseLogInViewController.h */,
				5AB7FCE818C3987500C79354 /* ParseLogInViewController.m */,
				5AA5AC8818C4FEEB00FAF513 /* FlipsideViewController.h */,
				5AA5AC8918C4FEEB00FAF513 /* FlipsideViewController.m */,
				5AA5AC8A18C4FEEB00FAF513 /* MainViewController.h */,
				5AA5AC8B18C4FEEB00FAF513 /* MainViewController.m */,
				5A55199C1888240F00718C48 /* FirstViewController.h */,
				5A55199D1888240F00718C48 /* FirstViewController.m */,
				5A55199F1888240F00718C48 /* SecondViewController.h */,
				5A5519A01888240F00718C48 /* SecondViewController.m */,
			);
			name = GUI;
			sourceTree = "<group>";
		};
		5AB7FCE318C395FB00C79354 /* Model */ = {
			isa = PBXGroup;
			children = (
				5A5519C1188829FF00718C48 /* User.h */,
				5A5519C2188829FF00718C48 /* User.m */,
				5A5519C418882A4600718C48 /* Admin.h */,
				5A5519C518882A4600718C48 /* Admin.m */,
				5A5519C718882A7F00718C48 /* Owner.h */,
				5A5519C818882A7F00718C48 /* Owner.m */,
				5A5519CA18882AD400718C48 /* Member.h */,
				5A5519CB18882AD400718C48 /* Member.m */,
				5A5519CD18882B1400718C48 /* Location.h */,
				5A5519CE18882B1400718C48 /* Location.m */,
				5A5519D018882B3100718C48 /* Video.h */,
				5A5519D118882B3100718C48 /* Video.m */,
				5A5519D318882B4000718C48 /* Like.h */,
				5A5519D418882B4000718C48 /* Like.m */,
				5A5519D618882B6B00718C48 /* Comment.h */,
				5A5519D718882B6B00718C48 /* Comment.m */,
				5A5519D918882B7B00718C48 /* Fire.h */,
				5A5519DA18882B7B00718C48 /* Fire.m */,
				5A5519DC18882B8400718C48 /* Photo.h */,
				5A5519DD18882B8400718C48 /* Photo.m */,
				5A5519DF18882BC400718C48 /* Place.h */,
				5A5519E018882BC400718C48 /* Place.m */,
				5AA5AC8E18C50B4900FAF513 /* PlacesLoader.h */,
				5AA5AC8F18C50B4900FAF513 /* PlacesLoader.m */,
				5AA5AC9118C51F6F00FAF513 /* PlaceAnnotation.h */,
				5AA5AC9218C51F7000FAF513 /* PlaceAnnotation.m */,
				5A5519E218882BD300718C48 /* Notification.h */,
				5A5519E318882BD300718C48 /* Notification.m */,
				5A5519E518882BF200718C48 /* LikeNotification.h */,
				5A5519E618882BF200718C48 /* LikeNotification.m */,
				5A5519E818882C0100718C48 /* CommentNotification.h */,
				5A5519E918882C0100718C48 /* CommentNotification.m */,
				5A5519EB18882C2600718C48 /* RequestFriendshipNotification.h */,
				5A5519EC18882C2600718C48 /* RequestFriendshipNotification.m */,
				5A5519EE18882C3F00718C48 /* ApprovedFriendNotification.h */,
				5A5519EF18882C3F00718C48 /* ApprovedFriendNotification.m */,
				5A5519F118882C4A00718C48 /* WarningNotification.h */,
				5A5519F218882C4A00718C48 /* WarningNotification.m */,
			);
			name = Model;
			sourceTree = "<group>";
		};
/* End PBXGroup section */

/* Begin PBXNativeTarget section */
		5A5519831888240F00718C48 /* onFire */ = {
			isa = PBXNativeTarget;
			buildConfigurationList = 5A5519B91888241000718C48 /* Build configuration list for PBXNativeTarget "onFire" */;
			buildPhases = (
				5A5519801888240F00718C48 /* Sources */,
				5A5519811888240F00718C48 /* Frameworks */,
				5A5519821888240F00718C48 /* Resources */,
			);
			buildRules = (
			);
			dependencies = (
			);
			name = onFire;
			productName = onFire;
			productReference = 5A5519841888240F00718C48 /* onFire.app */;
			productType = "com.apple.product-type.application";
		};
		5A5519A71888241000718C48 /* onFireTests */ = {
			isa = PBXNativeTarget;
			buildConfigurationList = 5A5519BC1888241000718C48 /* Build configuration list for PBXNativeTarget "onFireTests" */;
			buildPhases = (
				5A5519A41888241000718C48 /* Sources */,
				5A5519A51888241000718C48 /* Frameworks */,
				5A5519A61888241000718C48 /* Resources */,
			);
			buildRules = (
			);
			dependencies = (
				5A5519AE1888241000718C48 /* PBXTargetDependency */,
			);
			name = onFireTests;
			productName = onFireTests;
			productReference = 5A5519A81888241000718C48 /* onFireTests.xctest */;
			productType = "com.apple.product-type.bundle.unit-test";
		};
/* End PBXNativeTarget section */

/* Begin PBXProject section */
		5A55197C1888240F00718C48 /* Project object */ = {
			isa = PBXProject;
			attributes = {
				LastUpgradeCheck = 0500;
				ORGANIZATIONNAME = "Berkin Sansal";
				TargetAttributes = {
					5A5519831888240F00718C48 = {
						DevelopmentTeam = 7DW7VZWQCG;
						SystemCapabilities = {
							com.apple.iOS = {
								enabled = 1;
							};
						};
					};
					5A5519A71888241000718C48 = {
						TestTargetID = 5A5519831888240F00718C48;
					};
				};
			};
			buildConfigurationList = 5A55197F1888240F00718C48 /* Build configuration list for PBXProject "onFire" */;
			compatibilityVersion = "Xcode 3.2";
			developmentRegion = English;
			hasScannedForEncodings = 0;
			knownRegions = (
				en,
				Base,
			);
			mainGroup = 5A55197B1888240F00718C48;
			productRefGroup = 5A5519851888240F00718C48 /* Products */;
			projectDirPath = "";
			projectRoot = "";
			targets = (
				5A5519831888240F00718C48 /* onFire */,
				5A5519A71888241000718C48 /* onFireTests */,
			);
		};
/* End PBXProject section */

/* Begin PBXResourcesBuildPhase section */
		5A5519821888240F00718C48 /* Resources */ = {
			isa = PBXResourcesBuildPhase;
			buildActionMask = 2147483647;
			files = (
				5A5519A31888240F00718C48 /* Images.xcassets in Resources */,
				5A5519921888240F00718C48 /* InfoPlist.strings in Resources */,
				5A55199B1888240F00718C48 /* Main.storyboard in Resources */,
			);
			runOnlyForDeploymentPostprocessing = 0;
		};
		5A5519A61888241000718C48 /* Resources */ = {
			isa = PBXResourcesBuildPhase;
			buildActionMask = 2147483647;
			files = (
				5A5519B41888241000718C48 /* InfoPlist.strings in Resources */,
			);
			runOnlyForDeploymentPostprocessing = 0;
		};
/* End PBXResourcesBuildPhase section */

/* Begin PBXSourcesBuildPhase section */
		5A5519801888240F00718C48 /* Sources */ = {
			isa = PBXSourcesBuildPhase;
			buildActionMask = 2147483647;
			files = (
				5AA5AC9618C5331000FAF513 /* LogInViewController.m in Sources */,
				5A5519E418882BD300718C48 /* Notification.m in Sources */,
				5A5519E118882BC400718C48 /* Place.m in Sources */,
				5A2E085318C6691400CC9822 /* RWLogInViewController.m in Sources */,
				5A5519E718882BF200718C48 /* LikeNotification.m in Sources */,
				5AA5AC8D18C4FEEB00FAF513 /* MainViewController.m in Sources */,
				5A5519F018882C3F00718C48 /* ApprovedFriendNotification.m in Sources */,
				5AA5AC9318C51F7000FAF513 /* PlaceAnnotation.m in Sources */,
				5A5519DE18882B8400718C48 /* Photo.m in Sources */,
				5A5519EA18882C0100718C48 /* CommentNotification.m in Sources */,
				5A5519DB18882B7B00718C48 /* Fire.m in Sources */,
				5A5519C3188829FF00718C48 /* User.m in Sources */,
				5A5519D518882B4000718C48 /* Like.m in Sources */,
				5A5519A11888240F00718C48 /* SecondViewController.m in Sources */,
				5AA5AC8C18C4FEEB00FAF513 /* FlipsideViewController.m in Sources */,
				5A5519981888240F00718C48 /* AppDelegate.m in Sources */,
				5A5519D218882B3100718C48 /* Video.m in Sources */,
				5A5519CC18882AD400718C48 /* Member.m in Sources */,
				5A5519CF18882B1400718C48 /* Location.m in Sources */,
				5AA5AC9018C50B4900FAF513 /* PlacesLoader.m in Sources */,
				5AA5AC9918C5332000FAF513 /* SignUpViewController.m in Sources */,
				5A5519F318882C4A00718C48 /* WarningNotification.m in Sources */,
				5A5519D818882B6B00718C48 /* Comment.m in Sources */,
				5A5519C618882A4600718C48 /* Admin.m in Sources */,
				5A5519C918882A7F00718C48 /* Owner.m in Sources */,
				5AB7FCE918C3987500C79354 /* ParseLogInViewController.m in Sources */,
				5A2E085218C6691400CC9822 /* RegisterViewController.m in Sources */,
				5A5519ED18882C2600718C48 /* RequestFriendshipNotification.m in Sources */,
				5A55199E1888240F00718C48 /* FirstViewController.m in Sources */,
				5AB7FCE618C3986500C79354 /* ParseSignUpViewController.m in Sources */,
				5A5519941888240F00718C48 /* main.m in Sources */,
			);
			runOnlyForDeploymentPostprocessing = 0;
		};
		5A5519A41888241000718C48 /* Sources */ = {
			isa = PBXSourcesBuildPhase;
			buildActionMask = 2147483647;
			files = (
				5A5519B61888241000718C48 /* onFireTests.m in Sources */,
			);
			runOnlyForDeploymentPostprocessing = 0;
		};
/* End PBXSourcesBuildPhase section */

/* Begin PBXTargetDependency section */
		5A5519AE1888241000718C48 /* PBXTargetDependency */ = {
			isa = PBXTargetDependency;
			target = 5A5519831888240F00718C48 /* onFire */;
			targetProxy = 5A5519AD1888241000718C48 /* PBXContainerItemProxy */;
		};
/* End PBXTargetDependency section */

/* Begin PBXVariantGroup section */
		5A5519901888240F00718C48 /* InfoPlist.strings */ = {
			isa = PBXVariantGroup;
			children = (
				5A5519911888240F00718C48 /* en */,
			);
			name = InfoPlist.strings;
			sourceTree = "<group>";
		};
		5A5519991888240F00718C48 /* Main.storyboard */ = {
			isa = PBXVariantGroup;
			children = (
				5A55199A1888240F00718C48 /* Base */,
			);
			name = Main.storyboard;
			sourceTree = "<group>";
		};
		5A5519B21888241000718C48 /* InfoPlist.strings */ = {
			isa = PBXVariantGroup;
			children = (
				5A5519B31888241000718C48 /* en */,
			);
			name = InfoPlist.strings;
			sourceTree = "<group>";
		};
/* End PBXVariantGroup section */

/* Begin XCBuildConfiguration section */
		5A5519B71888241000718C48 /* Debug */ = {
			isa = XCBuildConfiguration;
			buildSettings = {
				ALWAYS_SEARCH_USER_PATHS = NO;
				ARCHS = "$(ARCHS_STANDARD_INCLUDING_64_BIT)";
				CLANG_CXX_LANGUAGE_STANDARD = "gnu++0x";
				CLANG_CXX_LIBRARY = "libc++";
				CLANG_ENABLE_MODULES = YES;
				CLANG_ENABLE_OBJC_ARC = YES;
				CLANG_WARN_BOOL_CONVERSION = YES;
				CLANG_WARN_CONSTANT_CONVERSION = YES;
				CLANG_WARN_DIRECT_OBJC_ISA_USAGE = YES_ERROR;
				CLANG_WARN_EMPTY_BODY = YES;
				CLANG_WARN_ENUM_CONVERSION = YES;
				CLANG_WARN_INT_CONVERSION = YES;
				CLANG_WARN_OBJC_ROOT_CLASS = YES_ERROR;
				CLANG_WARN__DUPLICATE_METHOD_MATCH = YES;
				"CODE_SIGN_IDENTITY[sdk=iphoneos*]" = "iPhone Developer";
				COPY_PHASE_STRIP = NO;
				GCC_C_LANGUAGE_STANDARD = gnu99;
				GCC_DYNAMIC_NO_PIC = NO;
				GCC_OPTIMIZATION_LEVEL = 0;
				GCC_PREPROCESSOR_DEFINITIONS = (
					"DEBUG=1",
					"$(inherited)",
				);
				GCC_SYMBOLS_PRIVATE_EXTERN = NO;
				GCC_WARN_64_TO_32_BIT_CONVERSION = YES;
				GCC_WARN_ABOUT_RETURN_TYPE = YES_ERROR;
				GCC_WARN_UNDECLARED_SELECTOR = YES;
				GCC_WARN_UNINITIALIZED_AUTOS = YES;
				GCC_WARN_UNUSED_FUNCTION = YES;
				GCC_WARN_UNUSED_VARIABLE = YES;
				IPHONEOS_DEPLOYMENT_TARGET = 7.0;
				ONLY_ACTIVE_ARCH = YES;
				SDKROOT = iphoneos;
			};
			name = Debug;
		};
		5A5519B81888241000718C48 /* Release */ = {
			isa = XCBuildConfiguration;
			buildSettings = {
				ALWAYS_SEARCH_USER_PATHS = NO;
				ARCHS = "$(ARCHS_STANDARD_INCLUDING_64_BIT)";
				CLANG_CXX_LANGUAGE_STANDARD = "gnu++0x";
				CLANG_CXX_LIBRARY = "libc++";
				CLANG_ENABLE_MODULES = YES;
				CLANG_ENABLE_OBJC_ARC = YES;
				CLANG_WARN_BOOL_CONVERSION = YES;
				CLANG_WARN_CONSTANT_CONVERSION = YES;
				CLANG_WARN_DIRECT_OBJC_ISA_USAGE = YES_ERROR;
				CLANG_WARN_EMPTY_BODY = YES;
				CLANG_WARN_ENUM_CONVERSION = YES;
				CLANG_WARN_INT_CONVERSION = YES;
				CLANG_WARN_OBJC_ROOT_CLASS = YES_ERROR;
				CLANG_WARN__DUPLICATE_METHOD_MATCH = YES;
				"CODE_SIGN_IDENTITY[sdk=iphoneos*]" = "iPhone Developer";
				COPY_PHASE_STRIP = YES;
				ENABLE_NS_ASSERTIONS = NO;
				GCC_C_LANGUAGE_STANDARD = gnu99;
				GCC_WARN_64_TO_32_BIT_CONVERSION = YES;
				GCC_WARN_ABOUT_RETURN_TYPE = YES_ERROR;
				GCC_WARN_UNDECLARED_SELECTOR = YES;
				GCC_WARN_UNINITIALIZED_AUTOS = YES;
				GCC_WARN_UNUSED_FUNCTION = YES;
				GCC_WARN_UNUSED_VARIABLE = YES;
				IPHONEOS_DEPLOYMENT_TARGET = 7.0;
				SDKROOT = iphoneos;
				VALIDATE_PRODUCT = YES;
			};
			name = Release;
		};
		5A5519BA1888241000718C48 /* Debug */ = {
			isa = XCBuildConfiguration;
			buildSettings = {
				ASSETCATALOG_COMPILER_APPICON_NAME = AppIcon;
				ASSETCATALOG_COMPILER_LAUNCHIMAGE_NAME = LaunchImage;
				CLANG_WARN__ARC_BRIDGE_CAST_NONARC = YES;
				CODE_SIGN_IDENTITY = "iPhone Developer";
				"CODE_SIGN_IDENTITY[sdk=iphoneos*]" = "iPhone Developer";
				FRAMEWORK_SEARCH_PATHS = (
					"$(inherited)",
					/Users/berkin/Desktop/XCode/onFire,
					"$(DEVELOPER_FRAMEWORKS_DIR)",
					"/Volumes/FreeAgent\\ GoFlex\\ Drive",
				);
				GCC_PRECOMPILE_PREFIX_HEADER = YES;
				GCC_PREFIX_HEADER = "onFire/onFire-Prefix.pch";
				INFOPLIST_FILE = "onFire/onFire-Info.plist";
				LIBRARY_SEARCH_PATHS = (
					"$(inherited)",
					/Users/berkin/Desktop/XCode/onFire/Parse.framework/Versions/1.2.18,
				);
				PRODUCT_NAME = "$(TARGET_NAME)";
				PROVISIONING_PROFILE = "";
				WRAPPER_EXTENSION = app;
			};
			name = Debug;
		};
		5A5519BB1888241000718C48 /* Release */ = {
			isa = XCBuildConfiguration;
			buildSettings = {
				ASSETCATALOG_COMPILER_APPICON_NAME = AppIcon;
				ASSETCATALOG_COMPILER_LAUNCHIMAGE_NAME = LaunchImage;
				CLANG_WARN__ARC_BRIDGE_CAST_NONARC = YES;
				CODE_SIGN_IDENTITY = "iPhone Developer";
				"CODE_SIGN_IDENTITY[sdk=iphoneos*]" = "iPhone Developer";
				FRAMEWORK_SEARCH_PATHS = (
					"$(inherited)",
					/Users/berkin/Desktop/XCode/onFire,
					"$(DEVELOPER_FRAMEWORKS_DIR)",
					"/Volumes/FreeAgent\\ GoFlex\\ Drive",
				);
				GCC_PRECOMPILE_PREFIX_HEADER = YES;
				GCC_PREFIX_HEADER = "onFire/onFire-Prefix.pch";
				INFOPLIST_FILE = "onFire/onFire-Info.plist";
				LIBRARY_SEARCH_PATHS = (
					"$(inherited)",
					/Users/berkin/Desktop/XCode/onFire/Parse.framework/Versions/1.2.18,
				);
				PRODUCT_NAME = "$(TARGET_NAME)";
				PROVISIONING_PROFILE = "";
				WRAPPER_EXTENSION = app;
			};
			name = Release;
		};
		5A5519BD1888241000718C48 /* Debug */ = {
			isa = XCBuildConfiguration;
			buildSettings = {
				ARCHS = "$(ARCHS_STANDARD_INCLUDING_64_BIT)";
				BUNDLE_LOADER = "$(BUILT_PRODUCTS_DIR)/onFire.app/onFire";
				FRAMEWORK_SEARCH_PATHS = (
					"$(SDKROOT)/Developer/Library/Frameworks",
					"$(inherited)",
					"$(DEVELOPER_FRAMEWORKS_DIR)",
				);
				GCC_PRECOMPILE_PREFIX_HEADER = YES;
				GCC_PREFIX_HEADER = "onFire/onFire-Prefix.pch";
				GCC_PREPROCESSOR_DEFINITIONS = (
					"DEBUG=1",
					"$(inherited)",
				);
				INFOPLIST_FILE = "onFireTests/onFireTests-Info.plist";
				PRODUCT_NAME = "$(TARGET_NAME)";
				TEST_HOST = "$(BUNDLE_LOADER)";
				WRAPPER_EXTENSION = xctest;
			};
			name = Debug;
		};
		5A5519BE1888241000718C48 /* Release */ = {
			isa = XCBuildConfiguration;
			buildSettings = {
				ARCHS = "$(ARCHS_STANDARD_INCLUDING_64_BIT)";
				BUNDLE_LOADER = "$(BUILT_PRODUCTS_DIR)/onFire.app/onFire";
				FRAMEWORK_SEARCH_PATHS = (
					"$(SDKROOT)/Developer/Library/Frameworks",
					"$(inherited)",
					"$(DEVELOPER_FRAMEWORKS_DIR)",
				);
				GCC_PRECOMPILE_PREFIX_HEADER = YES;
				GCC_PREFIX_HEADER = "onFire/onFire-Prefix.pch";
				INFOPLIST_FILE = "onFireTests/onFireTests-Info.plist";
				PRODUCT_NAME = "$(TARGET_NAME)";
				TEST_HOST = "$(BUNDLE_LOADER)";
				WRAPPER_EXTENSION = xctest;
			};
			name = Release;
		};
/* End XCBuildConfiguration section */

/* Begin XCConfigurationList section */
		5A55197F1888240F00718C48 /* Build configuration list for PBXProject "onFire" */ = {
			isa = XCConfigurationList;
			buildConfigurations = (
				5A5519B71888241000718C48 /* Debug */,
				5A5519B81888241000718C48 /* Release */,
			);
			defaultConfigurationIsVisible = 0;
			defaultConfigurationName = Release;
		};
		5A5519B91888241000718C48 /* Build configuration list for PBXNativeTarget "onFire" */ = {
			isa = XCConfigurationList;
			buildConfigurations = (
				5A5519BA1888241000718C48 /* Debug */,
				5A5519BB1888241000718C48 /* Release */,
			);
			defaultConfigurationIsVisible = 0;
			defaultConfigurationName = Release;
		};
		5A5519BC1888241000718C48 /* Build configuration list for PBXNativeTarget "onFireTests" */ = {
			isa = XCConfigurationList;
			buildConfigurations = (
				5A5519BD1888241000718C48 /* Debug */,
				5A5519BE1888241000718C48 /* Release */,
			);
			defaultConfigurationIsVisible = 0;
			defaultConfigurationName = Release;
		};
/* End XCConfigurationList section */
	};
	rootObject = 5A55197C1888240F00718C48 /* Project object */;
}
